
Microsoft Visual Studio Solution File, Format Version 12.00
# Visual Studio Version 17
VisualStudioVersion = 17.7.34202.233
MinimumVisualStudioVersion = 10.0.40219.1
Project("{9A19103F-16F7-4668-BE54-9A1E7A4F7556}") = "Feudal.Godot", "Feudal.Godot.csproj", "{E6A2148A-EE62-4469-A91D-0D2571F0214B}"
EndProject
Project("{FAE04EC0-301F-11D3-BF4B-00C04F79EFBC}") = "Feudal.Interfaces", "..\Feudal.Interfaces\Feudal.Interfaces.csproj", "{496AA0EE-8B54-4782-8A97-E2F4CB645CEB}"
EndProject
Project("{9A19103F-16F7-4668-BE54-9A1E7A4F7556}") = "Feudal.TerrainBuilders", "..\Feudal.TerrainBuilders\Feudal.TerrainBuilders.csproj", "{361E7080-FBF6-4FA9-BDCC-FE9B910778C4}"
EndProject
Project("{FAE04EC0-301F-11D3-BF4B-00C04F79EFBC}") = "Feudal.Sessions", "..\Feudal.Sessions\Feudal.Sessions.csproj", "{F75CAEC6-5020-4F92-A38F-D5CA251D89A0}"
EndProject
Project("{FAE04EC0-301F-11D3-BF4B-00C04F79EFBC}") = "Feudal.SessionBuilders", "..\Feudal.SessionBuilders\Feudal.SessionBuilders.csproj", "{78096E65-8BF5-4EB7-89EA-0C191F51A230}"
EndProject
Project("{FAE04EC0-301F-11D3-BF4B-00C04F79EFBC}") = "Feudal.Tasks", "..\Feudal.Tasks\Feudal.Tasks.csproj", "{6BFEF185-65B8-4C40-BB4A-005255C43BF4}"
EndProject
Global
	GlobalSection(SolutionConfigurationPlatforms) = preSolution
		Debug|Any CPU = Debug|Any CPU
		ExportDebug|Any CPU = ExportDebug|Any CPU
		ExportRelease|Any CPU = ExportRelease|Any CPU
		Release|Any CPU = Release|Any CPU
	EndGlobalSection
	GlobalSection(ProjectConfigurationPlatforms) = postSolution
		{E6A2148A-EE62-4469-A91D-0D2571F0214B}.Debug|Any CPU.ActiveCfg = Debug|Any CPU
		{E6A2148A-EE62-4469-A91D-0D2571F0214B}.Debug|Any CPU.Build.0 = Debug|Any CPU
		{E6A2148A-EE62-4469-A91D-0D2571F0214B}.ExportDebug|Any CPU.ActiveCfg = ExportDebug|Any CPU
		{E6A2148A-EE62-4469-A91D-0D2571F0214B}.ExportDebug|Any CPU.Build.0 = ExportDebug|Any CPU
		{E6A2148A-EE62-4469-A91D-0D2571F0214B}.ExportRelease|Any CPU.ActiveCfg = ExportRelease|Any CPU
		{E6A2148A-EE62-4469-A91D-0D2571F0214B}.ExportRelease|Any CPU.Build.0 = ExportRelease|Any CPU
		{E6A2148A-EE62-4469-A91D-0D2571F0214B}.Release|Any CPU.ActiveCfg = ExportRelease|Any CPU
		{E6A2148A-EE62-4469-A91D-0D2571F0214B}.Release|Any CPU.Build.0 = ExportRelease|Any CPU
		{496AA0EE-8B54-4782-8A97-E2F4CB645CEB}.Debug|Any CPU.ActiveCfg = Debug|Any CPU
		{496AA0EE-8B54-4782-8A97-E2F4CB645CEB}.Debug|Any CPU.Build.0 = Debug|Any CPU
		{496AA0EE-8B54-4782-8A97-E2F4CB645CEB}.ExportDebug|Any CPU.ActiveCfg = Debug|Any CPU
		{496AA0EE-8B54-4782-8A97-E2F4CB645CEB}.ExportDebug|Any CPU.Build.0 = Debug|Any CPU
		{496AA0EE-8B54-4782-8A97-E2F4CB645CEB}.ExportRelease|Any CPU.ActiveCfg = Release|Any CPU
		{496AA0EE-8B54-4782-8A97-E2F4CB645CEB}.ExportRelease|Any CPU.Build.0 = Release|Any CPU
		{496AA0EE-8B54-4782-8A97-E2F4CB645CEB}.Release|Any CPU.ActiveCfg = Release|Any CPU
		{496AA0EE-8B54-4782-8A97-E2F4CB645CEB}.Release|Any CPU.Build.0 = Release|Any CPU
		{361E7080-FBF6-4FA9-BDCC-FE9B910778C4}.Debug|Any CPU.ActiveCfg = Debug|Any CPU
		{361E7080-FBF6-4FA9-BDCC-FE9B910778C4}.Debug|Any CPU.Build.0 = Debug|Any CPU
		{361E7080-FBF6-4FA9-BDCC-FE9B910778C4}.ExportDebug|Any CPU.ActiveCfg = Debug|Any CPU
		{361E7080-FBF6-4FA9-BDCC-FE9B910778C4}.ExportDebug|Any CPU.Build.0 = Debug|Any CPU
		{361E7080-FBF6-4FA9-BDCC-FE9B910778C4}.ExportRelease|Any CPU.ActiveCfg = Release|Any CPU
		{361E7080-FBF6-4FA9-BDCC-FE9B910778C4}.ExportRelease|Any CPU.Build.0 = Release|Any CPU
		{361E7080-FBF6-4FA9-BDCC-FE9B910778C4}.Release|Any CPU.ActiveCfg = Release|Any CPU
		{361E7080-FBF6-4FA9-BDCC-FE9B910778C4}.Release|Any CPU.Build.0 = Release|Any CPU
		{F75CAEC6-5020-4F92-A38F-D5CA251D89A0}.Debug|Any CPU.ActiveCfg = Debug|Any CPU
		{F75CAEC6-5020-4F92-A38F-D5CA251D89A0}.Debug|Any CPU.Build.0 = Debug|Any CPU
		{F75CAEC6-5020-4F92-A38F-D5CA251D89A0}.ExportDebug|Any CPU.ActiveCfg = Debug|Any CPU
		{F75CAEC6-5020-4F92-A38F-D5CA251D89A0}.ExportDebug|Any CPU.Build.0 = Debug|Any CPU
		{F75CAEC6-5020-4F92-A38F-D5CA251D89A0}.ExportRelease|Any CPU.ActiveCfg = Release|Any CPU
		{F75CAEC6-5020-4F92-A38F-D5CA251D89A0}.ExportRelease|Any CPU.Build.0 = Release|Any CPU
		{F75CAEC6-5020-4F92-A38F-D5CA251D89A0}.Release|Any CPU.ActiveCfg = Release|Any CPU
		{F75CAEC6-5020-4F92-A38F-D5CA251D89A0}.Release|Any CPU.Build.0 = Release|Any CPU
		{78096E65-8BF5-4EB7-89EA-0C191F51A230}.Debug|Any CPU.ActiveCfg = Debug|Any CPU
		{78096E65-8BF5-4EB7-89EA-0C191F51A230}.Debug|Any CPU.Build.0 = Debug|Any CPU
		{78096E65-8BF5-4EB7-89EA-0C191F51A230}.ExportDebug|Any CPU.ActiveCfg = Debug|Any CPU
		{78096E65-8BF5-4EB7-89EA-0C191F51A230}.ExportDebug|Any CPU.Build.0 = Debug|Any CPU
		{78096E65-8BF5-4EB7-89EA-0C191F51A230}.ExportRelease|Any CPU.ActiveCfg = Release|Any CPU
		{78096E65-8BF5-4EB7-89EA-0C191F51A230}.ExportRelease|Any CPU.Build.0 = Release|Any CPU
		{78096E65-8BF5-4EB7-89EA-0C191F51A230}.Release|Any CPU.ActiveCfg = Release|Any CPU
		{78096E65-8BF5-4EB7-89EA-0C191F51A230}.Release|Any CPU.Build.0 = Release|Any CPU
		{6BFEF185-65B8-4C40-BB4A-005255C43BF4}.Debug|Any CPU.ActiveCfg = Debug|Any CPU
		{6BFEF185-65B8-4C40-BB4A-005255C43BF4}.Debug|Any CPU.Build.0 = Debug|Any CPU
		{6BFEF185-65B8-4C40-BB4A-005255C43BF4}.ExportDebug|Any CPU.ActiveCfg = Debug|Any CPU
		{6BFEF185-65B8-4C40-BB4A-005255C43BF4}.ExportDebug|Any CPU.Build.0 = Debug|Any CPU
		{6BFEF185-65B8-4C40-BB4A-005255C43BF4}.ExportRelease|Any CPU.ActiveCfg = Release|Any CPU
		{6BFEF185-65B8-4C40-BB4A-005255C43BF4}.ExportRelease|Any CPU.Build.0 = Release|Any CPU
		{6BFEF185-65B8-4C40-BB4A-005255C43BF4}.Release|Any CPU.ActiveCfg = Release|Any CPU
		{6BFEF185-65B8-4C40-BB4A-005255C43BF4}.Release|Any CPU.Build.0 = Release|Any CPU
	EndGlobalSection
	GlobalSection(SolutionProperties) = preSolution
		HideSolutionNode = FALSE
	EndGlobalSection
	GlobalSection(ExtensibilityGlobals) = postSolution
		SolutionGuid = {27857C2E-6E0A-4379-A981-AE2D8B404089}
	EndGlobalSection
EndGlobal
