
Microsoft Visual Studio Solution File, Format Version 12.00
# Visual Studio Version 17
VisualStudioVersion = 17.7.34202.233
MinimumVisualStudioVersion = 10.0.40219.1
Project("{9A19103F-16F7-4668-BE54-9A1E7A4F7556}") = "Feudal.Godot", "Feudal.Godot.csproj", "{E6A2148A-EE62-4469-A91D-0D2571F0214B}"
EndProject
Project("{9A19103F-16F7-4668-BE54-9A1E7A4F7556}") = "Feudal.Interfaces", "..\Feudal.Interfaces\Feudal.Interfaces.csproj", "{496AA0EE-8B54-4782-8A97-E2F4CB645CEB}"
EndProject
Project("{9A19103F-16F7-4668-BE54-9A1E7A4F7556}") = "Feudal.TerrainBuilders", "..\Feudal.TerrainBuilders\Feudal.TerrainBuilders.csproj", "{361E7080-FBF6-4FA9-BDCC-FE9B910778C4}"
EndProject
Project("{9A19103F-16F7-4668-BE54-9A1E7A4F7556}") = "Feudal.Sessions", "..\Feudal.Sessions\Feudal.Sessions.csproj", "{F75CAEC6-5020-4F92-A38F-D5CA251D89A0}"
EndProject
Project("{9A19103F-16F7-4668-BE54-9A1E7A4F7556}") = "Feudal.Tasks", "..\Feudal.Tasks\Feudal.Tasks.csproj", "{6BFEF185-65B8-4C40-BB4A-005255C43BF4}"
EndProject
Project("{9A19103F-16F7-4668-BE54-9A1E7A4F7556}") = "Feudal.Terrains", "..\Feudal.Terrains\Feudal.Terrains.csproj", "{E56CBD92-75C2-4687-A3CE-614CD5E26CCD}"
EndProject
Project("{9A19103F-16F7-4668-BE54-9A1E7A4F7556}") = "Feudal.Resources", "..\Feudal.Resources\Feudal.Resources.csproj", "{64802A20-F4BE-4DCF-BE37-C4C6D101121D}"
EndProject
Project("{9A19103F-16F7-4668-BE54-9A1E7A4F7556}") = "Feudal.Commands", "..\Feudal.Commands\Feudal.Commands.csproj", "{1E0375C0-A77C-4935-92CD-3180E4EBE780}"
EndProject
Project("{9A19103F-16F7-4668-BE54-9A1E7A4F7556}") = "Feudal.Clans", "..\Feudal.Clans\Feudal.Clans.csproj", "{FEB6AA1D-D9A1-4EED-922C-DEC93634BDE4}"
EndProject
Project("{FAE04EC0-301F-11D3-BF4B-00C04F79EFBC}") = "Feudal.Workings", "..\Feudal.Workings\Feudal.Workings.csproj", "{B6F5B914-9E83-4670-84AA-D55021655C60}"
EndProject
Global
	GlobalSection(SolutionConfigurationPlatforms) = preSolution
		Debug|Any CPU = Debug|Any CPU
		ExportDebug|Any CPU = ExportDebug|Any CPU
		ExportRelease|Any CPU = ExportRelease|Any CPU
		Release|Any CPU = Release|Any CPU
	EndGlobalSection
	GlobalSection(ProjectConfigurationPlatforms) = postSolution
		{E6A2148A-EE62-4469-A91D-0D2571F0214B}.Debug|Any CPU.ActiveCfg = Debug|Any CPU
		{E6A2148A-EE62-4469-A91D-0D2571F0214B}.Debug|Any CPU.Build.0 = Debug|Any CPU
		{E6A2148A-EE62-4469-A91D-0D2571F0214B}.ExportDebug|Any CPU.ActiveCfg = ExportDebug|Any CPU
		{E6A2148A-EE62-4469-A91D-0D2571F0214B}.ExportDebug|Any CPU.Build.0 = ExportDebug|Any CPU
		{E6A2148A-EE62-4469-A91D-0D2571F0214B}.ExportRelease|Any CPU.ActiveCfg = ExportRelease|Any CPU
		{E6A2148A-EE62-4469-A91D-0D2571F0214B}.ExportRelease|Any CPU.Build.0 = ExportRelease|Any CPU
		{E6A2148A-EE62-4469-A91D-0D2571F0214B}.Release|Any CPU.ActiveCfg = ExportRelease|Any CPU
		{E6A2148A-EE62-4469-A91D-0D2571F0214B}.Release|Any CPU.Build.0 = ExportRelease|Any CPU
		{496AA0EE-8B54-4782-8A97-E2F4CB645CEB}.Debug|Any CPU.ActiveCfg = Debug|Any CPU
		{496AA0EE-8B54-4782-8A97-E2F4CB645CEB}.Debug|Any CPU.Build.0 = Debug|Any CPU
		{496AA0EE-8B54-4782-8A97-E2F4CB645CEB}.ExportDebug|Any CPU.ActiveCfg = Debug|Any CPU
		{496AA0EE-8B54-4782-8A97-E2F4CB645CEB}.ExportDebug|Any CPU.Build.0 = Debug|Any CPU
		{496AA0EE-8B54-4782-8A97-E2F4CB645CEB}.ExportRelease|Any CPU.ActiveCfg = Release|Any CPU
		{496AA0EE-8B54-4782-8A97-E2F4CB645CEB}.ExportRelease|Any CPU.Build.0 = Release|Any CPU
		{496AA0EE-8B54-4782-8A97-E2F4CB645CEB}.Release|Any CPU.ActiveCfg = Release|Any CPU
		{496AA0EE-8B54-4782-8A97-E2F4CB645CEB}.Release|Any CPU.Build.0 = Release|Any CPU
		{361E7080-FBF6-4FA9-BDCC-FE9B910778C4}.Debug|Any CPU.ActiveCfg = Debug|Any CPU
		{361E7080-FBF6-4FA9-BDCC-FE9B910778C4}.Debug|Any CPU.Build.0 = Debug|Any CPU
		{361E7080-FBF6-4FA9-BDCC-FE9B910778C4}.ExportDebug|Any CPU.ActiveCfg = Debug|Any CPU
		{361E7080-FBF6-4FA9-BDCC-FE9B910778C4}.ExportDebug|Any CPU.Build.0 = Debug|Any CPU
		{361E7080-FBF6-4FA9-BDCC-FE9B910778C4}.ExportRelease|Any CPU.ActiveCfg = Release|Any CPU
		{361E7080-FBF6-4FA9-BDCC-FE9B910778C4}.ExportRelease|Any CPU.Build.0 = Release|Any CPU
		{361E7080-FBF6-4FA9-BDCC-FE9B910778C4}.Release|Any CPU.ActiveCfg = Release|Any CPU
		{361E7080-FBF6-4FA9-BDCC-FE9B910778C4}.Release|Any CPU.Build.0 = Release|Any CPU
		{F75CAEC6-5020-4F92-A38F-D5CA251D89A0}.Debug|Any CPU.ActiveCfg = Debug|Any CPU
		{F75CAEC6-5020-4F92-A38F-D5CA251D89A0}.Debug|Any CPU.Build.0 = Debug|Any CPU
		{F75CAEC6-5020-4F92-A38F-D5CA251D89A0}.ExportDebug|Any CPU.ActiveCfg = Debug|Any CPU
		{F75CAEC6-5020-4F92-A38F-D5CA251D89A0}.ExportDebug|Any CPU.Build.0 = Debug|Any CPU
		{F75CAEC6-5020-4F92-A38F-D5CA251D89A0}.ExportRelease|Any CPU.ActiveCfg = Release|Any CPU
		{F75CAEC6-5020-4F92-A38F-D5CA251D89A0}.ExportRelease|Any CPU.Build.0 = Release|Any CPU
		{F75CAEC6-5020-4F92-A38F-D5CA251D89A0}.Release|Any CPU.ActiveCfg = Release|Any CPU
		{F75CAEC6-5020-4F92-A38F-D5CA251D89A0}.Release|Any CPU.Build.0 = Release|Any CPU
		{6BFEF185-65B8-4C40-BB4A-005255C43BF4}.Debug|Any CPU.ActiveCfg = Debug|Any CPU
		{6BFEF185-65B8-4C40-BB4A-005255C43BF4}.Debug|Any CPU.Build.0 = Debug|Any CPU
		{6BFEF185-65B8-4C40-BB4A-005255C43BF4}.ExportDebug|Any CPU.ActiveCfg = Debug|Any CPU
		{6BFEF185-65B8-4C40-BB4A-005255C43BF4}.ExportDebug|Any CPU.Build.0 = Debug|Any CPU
		{6BFEF185-65B8-4C40-BB4A-005255C43BF4}.ExportRelease|Any CPU.ActiveCfg = Release|Any CPU
		{6BFEF185-65B8-4C40-BB4A-005255C43BF4}.ExportRelease|Any CPU.Build.0 = Release|Any CPU
		{6BFEF185-65B8-4C40-BB4A-005255C43BF4}.Release|Any CPU.ActiveCfg = Release|Any CPU
		{6BFEF185-65B8-4C40-BB4A-005255C43BF4}.Release|Any CPU.Build.0 = Release|Any CPU
		{E56CBD92-75C2-4687-A3CE-614CD5E26CCD}.Debug|Any CPU.ActiveCfg = Debug|Any CPU
		{E56CBD92-75C2-4687-A3CE-614CD5E26CCD}.Debug|Any CPU.Build.0 = Debug|Any CPU
		{E56CBD92-75C2-4687-A3CE-614CD5E26CCD}.ExportDebug|Any CPU.ActiveCfg = Debug|Any CPU
		{E56CBD92-75C2-4687-A3CE-614CD5E26CCD}.ExportDebug|Any CPU.Build.0 = Debug|Any CPU
		{E56CBD92-75C2-4687-A3CE-614CD5E26CCD}.ExportRelease|Any CPU.ActiveCfg = Release|Any CPU
		{E56CBD92-75C2-4687-A3CE-614CD5E26CCD}.ExportRelease|Any CPU.Build.0 = Release|Any CPU
		{E56CBD92-75C2-4687-A3CE-614CD5E26CCD}.Release|Any CPU.ActiveCfg = Release|Any CPU
		{E56CBD92-75C2-4687-A3CE-614CD5E26CCD}.Release|Any CPU.Build.0 = Release|Any CPU
		{64802A20-F4BE-4DCF-BE37-C4C6D101121D}.Debug|Any CPU.ActiveCfg = Debug|Any CPU
		{64802A20-F4BE-4DCF-BE37-C4C6D101121D}.Debug|Any CPU.Build.0 = Debug|Any CPU
		{64802A20-F4BE-4DCF-BE37-C4C6D101121D}.ExportDebug|Any CPU.ActiveCfg = Debug|Any CPU
		{64802A20-F4BE-4DCF-BE37-C4C6D101121D}.ExportDebug|Any CPU.Build.0 = Debug|Any CPU
		{64802A20-F4BE-4DCF-BE37-C4C6D101121D}.ExportRelease|Any CPU.ActiveCfg = Release|Any CPU
		{64802A20-F4BE-4DCF-BE37-C4C6D101121D}.ExportRelease|Any CPU.Build.0 = Release|Any CPU
		{64802A20-F4BE-4DCF-BE37-C4C6D101121D}.Release|Any CPU.ActiveCfg = Release|Any CPU
		{64802A20-F4BE-4DCF-BE37-C4C6D101121D}.Release|Any CPU.Build.0 = Release|Any CPU
		{1E0375C0-A77C-4935-92CD-3180E4EBE780}.Debug|Any CPU.ActiveCfg = Debug|Any CPU
		{1E0375C0-A77C-4935-92CD-3180E4EBE780}.Debug|Any CPU.Build.0 = Debug|Any CPU
		{1E0375C0-A77C-4935-92CD-3180E4EBE780}.ExportDebug|Any CPU.ActiveCfg = Debug|Any CPU
		{1E0375C0-A77C-4935-92CD-3180E4EBE780}.ExportDebug|Any CPU.Build.0 = Debug|Any CPU
		{1E0375C0-A77C-4935-92CD-3180E4EBE780}.ExportRelease|Any CPU.ActiveCfg = Release|Any CPU
		{1E0375C0-A77C-4935-92CD-3180E4EBE780}.ExportRelease|Any CPU.Build.0 = Release|Any CPU
		{1E0375C0-A77C-4935-92CD-3180E4EBE780}.Release|Any CPU.ActiveCfg = Release|Any CPU
		{1E0375C0-A77C-4935-92CD-3180E4EBE780}.Release|Any CPU.Build.0 = Release|Any CPU
		{FEB6AA1D-D9A1-4EED-922C-DEC93634BDE4}.Debug|Any CPU.ActiveCfg = Debug|Any CPU
		{FEB6AA1D-D9A1-4EED-922C-DEC93634BDE4}.Debug|Any CPU.Build.0 = Debug|Any CPU
		{FEB6AA1D-D9A1-4EED-922C-DEC93634BDE4}.ExportDebug|Any CPU.ActiveCfg = Debug|Any CPU
		{FEB6AA1D-D9A1-4EED-922C-DEC93634BDE4}.ExportDebug|Any CPU.Build.0 = Debug|Any CPU
		{FEB6AA1D-D9A1-4EED-922C-DEC93634BDE4}.ExportRelease|Any CPU.ActiveCfg = Release|Any CPU
		{FEB6AA1D-D9A1-4EED-922C-DEC93634BDE4}.ExportRelease|Any CPU.Build.0 = Release|Any CPU
		{FEB6AA1D-D9A1-4EED-922C-DEC93634BDE4}.Release|Any CPU.ActiveCfg = Release|Any CPU
		{FEB6AA1D-D9A1-4EED-922C-DEC93634BDE4}.Release|Any CPU.Build.0 = Release|Any CPU
		{B6F5B914-9E83-4670-84AA-D55021655C60}.Debug|Any CPU.ActiveCfg = Debug|Any CPU
		{B6F5B914-9E83-4670-84AA-D55021655C60}.Debug|Any CPU.Build.0 = Debug|Any CPU
		{B6F5B914-9E83-4670-84AA-D55021655C60}.ExportDebug|Any CPU.ActiveCfg = Debug|Any CPU
		{B6F5B914-9E83-4670-84AA-D55021655C60}.ExportDebug|Any CPU.Build.0 = Debug|Any CPU
		{B6F5B914-9E83-4670-84AA-D55021655C60}.ExportRelease|Any CPU.ActiveCfg = Release|Any CPU
		{B6F5B914-9E83-4670-84AA-D55021655C60}.ExportRelease|Any CPU.Build.0 = Release|Any CPU
		{B6F5B914-9E83-4670-84AA-D55021655C60}.Release|Any CPU.ActiveCfg = Release|Any CPU
		{B6F5B914-9E83-4670-84AA-D55021655C60}.Release|Any CPU.Build.0 = Release|Any CPU
	EndGlobalSection
	GlobalSection(SolutionProperties) = preSolution
		HideSolutionNode = FALSE
	EndGlobalSection
	GlobalSection(ExtensibilityGlobals) = postSolution
		SolutionGuid = {27857C2E-6E0A-4379-A981-AE2D8B404089}
	EndGlobalSection
EndGlobal
